
Microsoft Visual Studio Solution File, Format Version 12.00
# Visual Studio 15
VisualStudioVersion = 15.0.28307.168
MinimumVisualStudioVersion = 10.0.40219.1
Project("{FAE04EC0-301F-11D3-BF4B-00C04F79EFBC}") = "CosmosTest", "CosmosTest\CosmosTest.csproj", "{C683D31A-E64C-44C0-B487-2EE91E3FDDC3}"
EndProject
Global
	GlobalSection(SolutionConfigurationPlatforms) = preSolution
		Debug|Any CPU = Debug|Any CPU
		Release|Any CPU = Release|Any CPU
	EndGlobalSection
	GlobalSection(ProjectConfigurationPlatforms) = postSolution
		{C683D31A-E64C-44C0-B487-2EE91E3FDDC3}.Debug|Any CPU.ActiveCfg = Debug|Any CPU
		{C683D31A-E64C-44C0-B487-2EE91E3FDDC3}.Debug|Any CPU.Build.0 = Debug|Any CPU
		{C683D31A-E64C-44C0-B487-2EE91E3FDDC3}.Release|Any CPU.ActiveCfg = Release|Any CPU
		{C683D31A-E64C-44C0-B487-2EE91E3FDDC3}.Release|Any CPU.Build.0 = Release|Any CPU
	EndGlobalSection
	GlobalSection(SolutionProperties) = preSolution
		HideSolutionNode = FALSE
	EndGlobalSection
	GlobalSection(ExtensibilityGlobals) = postSolution
		SolutionGuid = {979A67B7-56E8-418B-A3FA-F1AD8DE4CBD6}
	EndGlobalSection
EndGlobal
